// !$*UTF8*$!
{
	archiveVersion = 1;
	classes = {
	};
	objectVersion = 46;
	objects = {

/* Begin PBXBuildFile section */
		CF0B71691C47D20200811387 /* main.m in Sources */ = {isa = PBXBuildFile; fileRef = CF0B71681C47D20200811387 /* main.m */; };
		CF0B716C1C47D20200811387 /* AppDelegate.m in Sources */ = {isa = PBXBuildFile; fileRef = CF0B716B1C47D20200811387 /* AppDelegate.m */; };
		CF0B716F1C47D20200811387 /* ViewController.m in Sources */ = {isa = PBXBuildFile; fileRef = CF0B716E1C47D20200811387 /* ViewController.m */; };
		CF0B71721C47D20200811387 /* Main.storyboard in Resources */ = {isa = PBXBuildFile; fileRef = CF0B71701C47D20200811387 /* Main.storyboard */; };
		CF0B71741C47D20200811387 /* Images.xcassets in Resources */ = {isa = PBXBuildFile; fileRef = CF0B71731C47D20200811387 /* Images.xcassets */; };
		CF0B71771C47D20200811387 /* LaunchScreen.xib in Resources */ = {isa = PBXBuildFile; fileRef = CF0B71751C47D20200811387 /* LaunchScreen.xib */; };
		CF0B71831C47D20200811387 /* ibrokerTests.m in Sources */ = {isa = PBXBuildFile; fileRef = CF0B71821C47D20200811387 /* ibrokerTests.m */; };
/* End PBXBuildFile section */

/* Begin PBXContainerItemProxy section */
		CF0B717D1C47D20200811387 /* PBXContainerItemProxy */ = {
			isa = PBXContainerItemProxy;
			containerPortal = CF0B715B1C47D20200811387 /* Project object */;
			proxyType = 1;
			remoteGlobalIDString = CF0B71621C47D20200811387;
			remoteInfo = ibroker;
		};
/* End PBXContainerItemProxy section */

/* Begin PBXFileReference section */
		CF0B71631C47D20200811387 /* ibroker.app */ = {isa = PBXFileReference; explicitFileType = wrapper.application; includeInIndex = 0; path = ibroker.app; sourceTree = BUILT_PRODUCTS_DIR; };
		CF0B71671C47D20200811387 /* Info.plist */ = {isa = PBXFileReference; lastKnownFileType = text.plist.xml; path = Info.plist; sourceTree = "<group>"; };
		CF0B71681C47D20200811387 /* main.m */ = {isa = PBXFileReference; lastKnownFileType = sourcecode.c.objc; path = main.m; sourceTree = "<group>"; };
		CF0B716A1C47D20200811387 /* AppDelegate.h */ = {isa = PBXFileReference; lastKnownFileType = sourcecode.c.h; path = AppDelegate.h; sourceTree = "<group>"; };
		CF0B716B1C47D20200811387 /* AppDelegate.m */ = {isa = PBXFileReference; lastKnownFileType = sourcecode.c.objc; path = AppDelegate.m; sourceTree = "<group>"; };
		CF0B716D1C47D20200811387 /* ViewController.h */ = {isa = PBXFileReference; lastKnownFileType = sourcecode.c.h; path = ViewController.h; sourceTree = "<group>"; };
		CF0B716E1C47D20200811387 /* ViewController.m */ = {isa = PBXFileReference; lastKnownFileType = sourcecode.c.objc; path = ViewController.m; sourceTree = "<group>"; };
		CF0B71711C47D20200811387 /* Base */ = {isa = PBXFileReference; lastKnownFileType = file.storyboard; name = Base; path = Base.lproj/Main.storyboard; sourceTree = "<group>"; };
		CF0B71731C47D20200811387 /* Images.xcassets */ = {isa = PBXFileReference; lastKnownFileType = folder.assetcatalog; path = Images.xcassets; sourceTree = "<group>"; };
		CF0B71761C47D20200811387 /* Base */ = {isa = PBXFileReference; lastKnownFileType = file.xib; name = Base; path = Base.lproj/LaunchScreen.xib; sourceTree = "<group>"; };
		CF0B717C1C47D20200811387 /* ibrokerTests.xctest */ = {isa = PBXFileReference; explicitFileType = wrapper.cfbundle; includeInIndex = 0; path = ibrokerTests.xctest; sourceTree = BUILT_PRODUCTS_DIR; };
		CF0B71811C47D20200811387 /* Info.plist */ = {isa = PBXFileReference; lastKnownFileType = text.plist.xml; path = Info.plist; sourceTree = "<group>"; };
		CF0B71821C47D20200811387 /* ibrokerTests.m */ = {isa = PBXFileReference; lastKnownFileType = sourcecode.c.objc; path = ibrokerTests.m; sourceTree = "<group>"; };
/* End PBXFileReference section */

/* Begin PBXFrameworksBuildPhase section */
		CF0B71601C47D20200811387 /* Frameworks */ = {
			isa = PBXFrameworksBuildPhase;
			buildActionMask = 2147483647;
			files = (
			);
			runOnlyForDeploymentPostprocessing = 0;
		};
		CF0B71791C47D20200811387 /* Frameworks */ = {
			isa = PBXFrameworksBuildPhase;
			buildActionMask = 2147483647;
			files = (
			);
			runOnlyForDeploymentPostprocessing = 0;
		};
/* End PBXFrameworksBuildPhase section */

/* Begin PBXGroup section */
		CF0B715A1C47D20200811387 = {
			isa = PBXGroup;
			children = (
				CF0B71651C47D20200811387 /* ibroker */,
				CF0B717F1C47D20200811387 /* ibrokerTests */,
				CF0B71641C47D20200811387 /* Products */,
			);
			sourceTree = "<group>";
		};
		CF0B71641C47D20200811387 /* Products */ = {
			isa = PBXGroup;
			children = (
				CF0B71631C47D20200811387 /* ibroker.app */,
				CF0B717C1C47D20200811387 /* ibrokerTests.xctest */,
			);
			name = Products;
			sourceTree = "<group>";
		};
		CF0B71651C47D20200811387 /* ibroker */ = {
			isa = PBXGroup;
			children = (
				CF0B716A1C47D20200811387 /* AppDelegate.h */,
				CF0B716B1C47D20200811387 /* AppDelegate.m */,
				CF0B716D1C47D20200811387 /* ViewController.h */,
				CF0B716E1C47D20200811387 /* ViewController.m */,
				CF0B71701C47D20200811387 /* Main.storyboard */,
				CF0B71731C47D20200811387 /* Images.xcassets */,
				CF0B71751C47D20200811387 /* LaunchScreen.xib */,
				CF0B71661C47D20200811387 /* Supporting Files */,
			);
			path = ibroker;
			sourceTree = "<group>";
		};
		CF0B71661C47D20200811387 /* Supporting Files */ = {
			isa = PBXGroup;
			children = (
				CF0B71671C47D20200811387 /* Info.plist */,
				CF0B71681C47D20200811387 /* main.m */,
			);
			name = "Supporting Files";
			sourceTree = "<group>";
		};
		CF0B717F1C47D20200811387 /* ibrokerTests */ = {
			isa = PBXGroup;
			children = (
				CF0B71821C47D20200811387 /* ibrokerTests.m */,
				CF0B71801C47D20200811387 /* Supporting Files */,
			);
			path = ibrokerTests;
			sourceTree = "<group>";
		};
		CF0B71801C47D20200811387 /* Supporting Files */ = {
			isa = PBXGroup;
			children = (
				CF0B71811C47D20200811387 /* Info.plist */,
			);
			name = "Supporting Files";
			sourceTree = "<group>";
		};
/* End PBXGroup section */

/* Begin PBXNativeTarget section */
		CF0B71621C47D20200811387 /* ibroker */ = {
			isa = PBXNativeTarget;
			buildConfigurationList = CF0B71861C47D20200811387 /* Build configuration list for PBXNativeTarget "ibroker" */;
			buildPhases = (
				CF0B715F1C47D20200811387 /* Sources */,
				CF0B71601C47D20200811387 /* Frameworks */,
				CF0B71611C47D20200811387 /* Resources */,
			);
			buildRules = (
			);
			dependencies = (
			);
			name = ibroker;
			productName = ibroker;
			productReference = CF0B71631C47D20200811387 /* ibroker.app */;
			productType = "com.apple.product-type.application";
		};
		CF0B717B1C47D20200811387 /* ibrokerTests */ = {
			isa = PBXNativeTarget;
			buildConfigurationList = CF0B71891C47D20200811387 /* Build configuration list for PBXNativeTarget "ibrokerTests" */;
			buildPhases = (
				CF0B71781C47D20200811387 /* Sources */,
				CF0B71791C47D20200811387 /* Frameworks */,
				CF0B717A1C47D20200811387 /* Resources */,
			);
			buildRules = (
			);
			dependencies = (
				CF0B717E1C47D20200811387 /* PBXTargetDependency */,
			);
			name = ibrokerTests;
			productName = ibrokerTests;
			productReference = CF0B717C1C47D20200811387 /* ibrokerTests.xctest */;
			productType = "com.apple.product-type.bundle.unit-test";
		};
/* End PBXNativeTarget section */

/* Begin PBXProject section */
		CF0B715B1C47D20200811387 /* Project object */ = {
			isa = PBXProject;
			attributes = {
				LastUpgradeCheck = 0610;
				ORGANIZATIONNAME = cmkj;
				TargetAttributes = {
					CF0B71621C47D20200811387 = {
						CreatedOnToolsVersion = 6.1.1;
					};
					CF0B717B1C47D20200811387 = {
						CreatedOnToolsVersion = 6.1.1;
						TestTargetID = CF0B71621C47D20200811387;
					};
				};
			};
			buildConfigurationList = CF0B715E1C47D20200811387 /* Build configuration list for PBXProject "ibroker" */;
			compatibilityVersion = "Xcode 3.2";
			developmentRegion = English;
			hasScannedForEncodings = 0;
			knownRegions = (
				en,
				Base,
			);
			mainGroup = CF0B715A1C47D20200811387;
			productRefGroup = CF0B71641C47D20200811387 /* Products */;
			projectDirPath = "";
			projectRoot = "";
			targets = (
				CF0B71621C47D20200811387 /* ibroker */,
				CF0B717B1C47D20200811387 /* ibrokerTests */,
			);
		};
/* End PBXProject section */

/* Begin PBXResourcesBuildPhase section */
		CF0B71611C47D20200811387 /* Resources */ = {
			isa = PBXResourcesBuildPhase;
			buildActionMask = 2147483647;
			files = (
				CF0B71721C47D20200811387 /* Main.storyboard in Resources */,
				CF0B71771C47D20200811387 /* LaunchScreen.xib in Resources */,
				CF0B71741C47D20200811387 /* Images.xcassets in Resources */,
			);
			runOnlyForDeploymentPostprocessing = 0;
		};
		CF0B717A1C47D20200811387 /* Resources */ = {
			isa = PBXResourcesBuildPhase;
			buildActionMask = 2147483647;
			files = (
			);
			runOnlyForDeploymentPostprocessing = 0;
		};
/* End PBXResourcesBuildPhase section */

/* Begin PBXSourcesBuildPhase section */
		CF0B715F1C47D20200811387 /* Sources */ = {
			isa = PBXSourcesBuildPhase;
			buildActionMask = 2147483647;
			files = (
				CF0B716F1C47D20200811387 /* ViewController.m in Sources */,
				CF0B716C1C47D20200811387 /* AppDelegate.m in Sources */,
				CF0B71691C47D20200811387 /* main.m in Sources */,
			);
			runOnlyForDeploymentPostprocessing = 0;
		};
		CF0B71781C47D20200811387 /* Sources */ = {
			isa = PBXSourcesBuildPhase;
			buildActionMask = 2147483647;
			files = (
				CF0B71831C47D20200811387 /* ibrokerTests.m in Sources */,
			);
			runOnlyForDeploymentPostprocessing = 0;
		};
/* End PBXSourcesBuildPhase section */

/* Begin PBXTargetDependency section */
		CF0B717E1C47D20200811387 /* PBXTargetDependency */ = {
			isa = PBXTargetDependency;
			target = CF0B71621C47D20200811387 /* ibroker */;
			targetProxy = CF0B717D1C47D20200811387 /* PBXContainerItemProxy */;
		};
/* End PBXTargetDependency section */

/* Begin PBXVariantGroup section */
		CF0B71701C47D20200811387 /* Main.storyboard */ = {
			isa = PBXVariantGroup;
			children = (
				CF0B71711C47D20200811387 /* Base */,
			);
			name = Main.storyboard;
			sourceTree = "<group>";
		};
		CF0B71751C47D20200811387 /* LaunchScreen.xib */ = {
			isa = PBXVariantGroup;
			children = (
				CF0B71761C47D20200811387 /* Base */,
			);
			name = LaunchScreen.xib;
			sourceTree = "<group>";
		};
/* End PBXVariantGroup section */

/* Begin XCBuildConfiguration section */
		CF0B71841C47D20200811387 /* Debug */ = {
			isa = XCBuildConfiguration;
			buildSettings = {
				ALWAYS_SEARCH_USER_PATHS = NO;
				CLANG_CXX_LANGUAGE_STANDARD = "gnu++0x";
				CLANG_CXX_LIBRARY = "libc++";
				CLANG_ENABLE_MODULES = YES;
				CLANG_ENABLE_OBJC_ARC = YES;
				CLANG_WARN_BOOL_CONVERSION = YES;
				CLANG_WARN_CONSTANT_CONVERSION = YES;
				CLANG_WARN_DIRECT_OBJC_ISA_USAGE = YES_ERROR;
				CLANG_WARN_EMPTY_BODY = YES;
				CLANG_WARN_ENUM_CONVERSION = YES;
				CLANG_WARN_INT_CONVERSION = YES;
				CLANG_WARN_OBJC_ROOT_CLASS = YES_ERROR;
				CLANG_WARN_UNREACHABLE_CODE = YES;
				CLANG_WARN__DUPLICATE_METHOD_MATCH = YES;
				"CODE_SIGN_IDENTITY[sdk=iphoneos*]" = "iPhone Developer";
				COPY_PHASE_STRIP = NO;
				ENABLE_STRICT_OBJC_MSGSEND = YES;
				GCC_C_LANGUAGE_STANDARD = gnu99;
				GCC_DYNAMIC_NO_PIC = NO;
				GCC_OPTIMIZATION_LEVEL = 0;
				GCC_PREPROCESSOR_DEFINITIONS = (
					"DEBUG=1",
					"$(inherited)",
				);
				GCC_SYMBOLS_PRIVATE_EXTERN = NO;
				GCC_WARN_64_TO_32_BIT_CONVERSION = YES;
				GCC_WARN_ABOUT_RETURN_TYPE = YES_ERROR;
				GCC_WARN_UNDECLARED_SELECTOR = YES;
				GCC_WARN_UNINITIALIZED_AUTOS = YES_AGGRESSIVE;
				GCC_WARN_UNUSED_FUNCTION = YES;
				GCC_WARN_UNUSED_VARIABLE = YES;
				IPHONEOS_DEPLOYMENT_TARGET = 8.1;
				MTL_ENABLE_DEBUG_INFO = YES;
				ONLY_ACTIVE_ARCH = YES;
				SDKROOT = iphoneos;
			};
			name = Debug;
		};
		CF0B71851C47D20200811387 /* Release */ = {
			isa = XCBuildConfiguration;
			buildSettings = {
				ALWAYS_SEARCH_USER_PATHS = NO;
				CLANG_CXX_LANGUAGE_STANDARD = "gnu++0x";
				CLANG_CXX_LIBRARY = "libc++";
				CLANG_ENABLE_MODULES = YES;
				CLANG_ENABLE_OBJC_ARC = YES;
				CLANG_WARN_BOOL_CONVERSION = YES;
				CLANG_WARN_CONSTANT_CONVERSION = YES;
				CLANG_WARN_DIRECT_OBJC_ISA_USAGE = YES_ERROR;
				CLANG_WARN_EMPTY_BODY = YES;
				CLANG_WARN_ENUM_CONVERSION = YES;
				CLANG_WARN_INT_CONVERSION = YES;
				CLANG_WARN_OBJC_ROOT_CLASS = YES_ERROR;
				CLANG_WARN_UNREACHABLE_CODE = YES;
				CLANG_WARN__DUPLICATE_METHOD_MATCH = YES;
				"CODE_SIGN_IDENTITY[sdk=iphoneos*]" = "iPhone Developer";
				COPY_PHASE_STRIP = YES;
				ENABLE_NS_ASSERTIONS = NO;
				ENABLE_STRICT_OBJC_MSGSEND = YES;
				GCC_C_LANGUAGE_STANDARD = gnu99;
				GCC_WARN_64_TO_32_BIT_CONVERSION = YES;
				GCC_WARN_ABOUT_RETURN_TYPE = YES_ERROR;
				GCC_WARN_UNDECLARED_SELECTOR = YES;
				GCC_WARN_UNINITIALIZED_AUTOS = YES_AGGRESSIVE;
				GCC_WARN_UNUSED_FUNCTION = YES;
				GCC_WARN_UNUSED_VARIABLE = YES;
				IPHONEOS_DEPLOYMENT_TARGET = 8.1;
				MTL_ENABLE_DEBUG_INFO = NO;
				SDKROOT = iphoneos;
				VALIDATE_PRODUCT = YES;
			};
			name = Release;
		};
		CF0B71871C47D20200811387 /* Debug */ = {
			isa = XCBuildConfiguration;
			buildSettings = {
				ASSETCATALOG_COMPILER_APPICON_NAME = AppIcon;
				INFOPLIST_FILE = ibroker/Info.plist;
				LD_RUNPATH_SEARCH_PATHS = "$(inherited) @executable_path/Frameworks";
				PRODUCT_NAME = "$(TARGET_NAME)";
			};
			name = Debug;
		};
		CF0B71881C47D20200811387 /* Release */ = {
			isa = XCBuildConfiguration;
			buildSettings = {
				ASSETCATALOG_COMPILER_APPICON_NAME = AppIcon;
				INFOPLIST_FILE = ibroker/Info.plist;
				LD_RUNPATH_SEARCH_PATHS = "$(inherited) @executable_path/Frameworks";
				PRODUCT_NAME = "$(TARGET_NAME)";
			};
			name = Release;
		};
		CF0B718A1C47D20200811387 /* Debug */ = {
			isa = XCBuildConfiguration;
			buildSettings = {
				BUNDLE_LOADER = "$(TEST_HOST)";
				FRAMEWORK_SEARCH_PATHS = (
					"$(SDKROOT)/Developer/Library/Frameworks",
					"$(inherited)",
				);
				GCC_PREPROCESSOR_DEFINITIONS = (
					"DEBUG=1",
					"$(inherited)",
				);
				INFOPLIST_FILE = ibrokerTests/Info.plist;
				LD_RUNPATH_SEARCH_PATHS = "$(inherited) @executable_path/Frameworks @loader_path/Frameworks";
				PRODUCT_NAME = "$(TARGET_NAME)";
				TEST_HOST = "$(BUILT_PRODUCTS_DIR)/ibroker.app/ibroker";
			};
			name = Debug;
		};
		CF0B718B1C47D20200811387 /* Release */ = {
			isa = XCBuildConfiguration;
			buildSettings = {
				BUNDLE_LOADER = "$(TEST_HOST)";
				FRAMEWORK_SEARCH_PATHS = (
					"$(SDKROOT)/Developer/Library/Frameworks",
					"$(inherited)",
				);
				INFOPLIST_FILE = ibrokerTests/Info.plist;
				LD_RUNPATH_SEARCH_PATHS = "$(inherited) @executable_path/Frameworks @loader_path/Frameworks";
				PRODUCT_NAME = "$(TARGET_NAME)";
				TEST_HOST = "$(BUILT_PRODUCTS_DIR)/ibroker.app/ibroker";
			};
			name = Release;
		};
/* End XCBuildConfiguration section */

/* Begin XCConfigurationList section */
		CF0B715E1C47D20200811387 /* Build configuration list for PBXProject "ibroker" */ = {
			isa = XCConfigurationList;
			buildConfigurations = (
				CF0B71841C47D20200811387 /* Debug */,
				CF0B71851C47D20200811387 /* Release */,
			);
			defaultConfigurationIsVisible = 0;
			defaultConfigurationName = Release;
		};
		CF0B71861C47D20200811387 /* Build configuration list for PBXNativeTarget "ibroker" */ = {
			isa = XCConfigurationList;
			buildConfigurations = (
				CF0B71871C47D20200811387 /* Debug */,
				CF0B71881C47D20200811387 /* Release */,
			);
			defaultConfigurationIsVisible = 0;
		};
		CF0B71891C47D20200811387 /* Build configuration list for PBXNativeTarget "ibrokerTests" */ = {
			isa = XCConfigurationList;
			buildConfigurations = (
				CF0B718A1C47D20200811387 /* Debug */,
				CF0B718B1C47D20200811387 /* Release */,
			);
			defaultConfigurationIsVisible = 0;
		};
/* End XCConfigurationList section */
	};
	rootObject = CF0B715B1C47D20200811387 /* Project object */;
}
